
Microsoft Visual Studio Solution File, Format Version 12.00
# Visual Studio Version 16
VisualStudioVersion = 16.0.31515.178
MinimumVisualStudioVersion = 10.0.40219.1
Project("{2150E333-8FDC-42A3-9474-1A3956D46DE8}") = "Services", "Services", "{4EA4A2C5-B255-4B4F-8374-466E43E36A2D}"
EndProject
Project("{2150E333-8FDC-42A3-9474-1A3956D46DE8}") = "Identity", "Identity", "{2C218CBC-F40E-459E-85B3-719EEC213CCE}"
EndProject
Project("{9A19103F-16F7-4668-BE54-9A1E7A4F7556}") = "identity.API", "Services\Identity\identity.API\identity.API.csproj", "{4B8E4C45-D4B0-4120-9B7E-9F530C9E48E5}"
EndProject
Project("{2150E333-8FDC-42A3-9474-1A3956D46DE8}") = "DataService", "DataService", "{6B0B4843-AAA0-4966-A290-1AF829F8A666}"
EndProject
Project("{2150E333-8FDC-42A3-9474-1A3956D46DE8}") = "DataService-Entities-and-Validators", "DataService-Entities-and-Validators", "{95EC0FEC-ED59-45EC-A87B-C61D7D0244E3}"
EndProject
Project("{FAE04EC0-301F-11D3-BF4B-00C04F79EFBC}") = "Entities", "Services\DataService-Entities-and-Validators\Entities\Entities.csproj", "{B3FFC721-6873-4C8B-8EC3-12E243915323}"
EndProject
Project("{FAE04EC0-301F-11D3-BF4B-00C04F79EFBC}") = "Validators", "Services\DataService-Entities-and-Validators\Validators\Validators.csproj", "{F329A81D-D982-4599-BB82-CA840936A372}"
EndProject
Project("{FAE04EC0-301F-11D3-BF4B-00C04F79EFBC}") = "dataService.Api", "Services\DataService\dataService.Api\dataService.Api.csproj", "{2B1FEC48-C0DE-49DC-8596-110E10C65A2A}"
EndProject
Project("{FAE04EC0-301F-11D3-BF4B-00C04F79EFBC}") = "DataService.Application", "Services\DataService\DataService.Application\DataService.Application.csproj", "{D4701892-19CE-41F4-BDB1-6E7D52747A3A}"
EndProject
Project("{FAE04EC0-301F-11D3-BF4B-00C04F79EFBC}") = "DataService.Domain", "Services\DataService\DataService.Domain\DataService.Domain.csproj", "{05EB6F2E-463A-4290-ACA2-C806B774EA71}"
EndProject
Project("{FAE04EC0-301F-11D3-BF4B-00C04F79EFBC}") = "DataService.Infrastructure", "Services\DataService\DataService.Infrastructure\DataService.Infrastructure.csproj", "{59FFA51F-AF7C-4D6F-AFB3-B25B447161D7}"
EndProject
Global
	GlobalSection(SolutionConfigurationPlatforms) = preSolution
		Debug|Any CPU = Debug|Any CPU
		Release|Any CPU = Release|Any CPU
	EndGlobalSection
	GlobalSection(ProjectConfigurationPlatforms) = postSolution
		{4B8E4C45-D4B0-4120-9B7E-9F530C9E48E5}.Debug|Any CPU.ActiveCfg = Debug|Any CPU
		{4B8E4C45-D4B0-4120-9B7E-9F530C9E48E5}.Debug|Any CPU.Build.0 = Debug|Any CPU
		{4B8E4C45-D4B0-4120-9B7E-9F530C9E48E5}.Release|Any CPU.ActiveCfg = Release|Any CPU
		{4B8E4C45-D4B0-4120-9B7E-9F530C9E48E5}.Release|Any CPU.Build.0 = Release|Any CPU
		{B3FFC721-6873-4C8B-8EC3-12E243915323}.Debug|Any CPU.ActiveCfg = Debug|Any CPU
		{B3FFC721-6873-4C8B-8EC3-12E243915323}.Debug|Any CPU.Build.0 = Debug|Any CPU
		{B3FFC721-6873-4C8B-8EC3-12E243915323}.Release|Any CPU.ActiveCfg = Release|Any CPU
		{B3FFC721-6873-4C8B-8EC3-12E243915323}.Release|Any CPU.Build.0 = Release|Any CPU
		{F329A81D-D982-4599-BB82-CA840936A372}.Debug|Any CPU.ActiveCfg = Debug|Any CPU
		{F329A81D-D982-4599-BB82-CA840936A372}.Debug|Any CPU.Build.0 = Debug|Any CPU
		{F329A81D-D982-4599-BB82-CA840936A372}.Release|Any CPU.ActiveCfg = Release|Any CPU
		{F329A81D-D982-4599-BB82-CA840936A372}.Release|Any CPU.Build.0 = Release|Any CPU
		{2B1FEC48-C0DE-49DC-8596-110E10C65A2A}.Debug|Any CPU.ActiveCfg = Debug|Any CPU
		{2B1FEC48-C0DE-49DC-8596-110E10C65A2A}.Debug|Any CPU.Build.0 = Debug|Any CPU
		{2B1FEC48-C0DE-49DC-8596-110E10C65A2A}.Release|Any CPU.ActiveCfg = Release|Any CPU
		{2B1FEC48-C0DE-49DC-8596-110E10C65A2A}.Release|Any CPU.Build.0 = Release|Any CPU
		{D4701892-19CE-41F4-BDB1-6E7D52747A3A}.Debug|Any CPU.ActiveCfg = Debug|Any CPU
		{D4701892-19CE-41F4-BDB1-6E7D52747A3A}.Debug|Any CPU.Build.0 = Debug|Any CPU
		{D4701892-19CE-41F4-BDB1-6E7D52747A3A}.Release|Any CPU.ActiveCfg = Release|Any CPU
		{D4701892-19CE-41F4-BDB1-6E7D52747A3A}.Release|Any CPU.Build.0 = Release|Any CPU
		{05EB6F2E-463A-4290-ACA2-C806B774EA71}.Debug|Any CPU.ActiveCfg = Debug|Any CPU
		{05EB6F2E-463A-4290-ACA2-C806B774EA71}.Debug|Any CPU.Build.0 = Debug|Any CPU
		{05EB6F2E-463A-4290-ACA2-C806B774EA71}.Release|Any CPU.ActiveCfg = Release|Any CPU
		{05EB6F2E-463A-4290-ACA2-C806B774EA71}.Release|Any CPU.Build.0 = Release|Any CPU
		{59FFA51F-AF7C-4D6F-AFB3-B25B447161D7}.Debug|Any CPU.ActiveCfg = Debug|Any CPU
		{59FFA51F-AF7C-4D6F-AFB3-B25B447161D7}.Debug|Any CPU.Build.0 = Debug|Any CPU
		{59FFA51F-AF7C-4D6F-AFB3-B25B447161D7}.Release|Any CPU.ActiveCfg = Release|Any CPU
		{59FFA51F-AF7C-4D6F-AFB3-B25B447161D7}.Release|Any CPU.Build.0 = Release|Any CPU
	EndGlobalSection
	GlobalSection(SolutionProperties) = preSolution
		HideSolutionNode = FALSE
	EndGlobalSection
	GlobalSection(NestedProjects) = preSolution
		{2C218CBC-F40E-459E-85B3-719EEC213CCE} = {4EA4A2C5-B255-4B4F-8374-466E43E36A2D}
		{4B8E4C45-D4B0-4120-9B7E-9F530C9E48E5} = {2C218CBC-F40E-459E-85B3-719EEC213CCE}
		{6B0B4843-AAA0-4966-A290-1AF829F8A666} = {4EA4A2C5-B255-4B4F-8374-466E43E36A2D}
		{95EC0FEC-ED59-45EC-A87B-C61D7D0244E3} = {4EA4A2C5-B255-4B4F-8374-466E43E36A2D}
		{B3FFC721-6873-4C8B-8EC3-12E243915323} = {95EC0FEC-ED59-45EC-A87B-C61D7D0244E3}
		{F329A81D-D982-4599-BB82-CA840936A372} = {95EC0FEC-ED59-45EC-A87B-C61D7D0244E3}
		{2B1FEC48-C0DE-49DC-8596-110E10C65A2A} = {6B0B4843-AAA0-4966-A290-1AF829F8A666}
		{D4701892-19CE-41F4-BDB1-6E7D52747A3A} = {6B0B4843-AAA0-4966-A290-1AF829F8A666}
		{05EB6F2E-463A-4290-ACA2-C806B774EA71} = {6B0B4843-AAA0-4966-A290-1AF829F8A666}
		{59FFA51F-AF7C-4D6F-AFB3-B25B447161D7} = {6B0B4843-AAA0-4966-A290-1AF829F8A666}
	EndGlobalSection
	GlobalSection(ExtensibilityGlobals) = postSolution
		SolutionGuid = {F869AE06-8314-4059-955F-3697FB1EACD5}
	EndGlobalSection
EndGlobal
